// !$*UTF8*$!
{
	archiveVersion = 1;
	classes = {
	};
	objectVersion = 46;
	objects = {

/* Begin PBXBuildFile section */
		7B9C88951BDF36BF00DEE7A8 /* SCScreenSnapshotSpliter.m in Sources */ = {isa = PBXBuildFile; fileRef = 7B9C88941BDF36BF00DEE7A8 /* SCScreenSnapshotSpliter.m */; settings = {ASSET_TAGS = (); }; };
		7BCAB7D61BDE28CC00DD1A80 /* main.m in Sources */ = {isa = PBXBuildFile; fileRef = 7BCAB7D51BDE28CC00DD1A80 /* main.m */; };
		7BCAB7D91BDE28CC00DD1A80 /* AppDelegate.m in Sources */ = {isa = PBXBuildFile; fileRef = 7BCAB7D81BDE28CC00DD1A80 /* AppDelegate.m */; };
		7BCAB7E11BDE28CC00DD1A80 /* Assets.xcassets in Resources */ = {isa = PBXBuildFile; fileRef = 7BCAB7E01BDE28CC00DD1A80 /* Assets.xcassets */; };
		7BCAB7E41BDE28CC00DD1A80 /* LaunchScreen.storyboard in Resources */ = {isa = PBXBuildFile; fileRef = 7BCAB7E21BDE28CC00DD1A80 /* LaunchScreen.storyboard */; };
		7BCAB7EF1BDE28CC00DD1A80 /* ClipViewInserSubViewUITests.m in Sources */ = {isa = PBXBuildFile; fileRef = 7BCAB7EE1BDE28CC00DD1A80 /* ClipViewInserSubViewUITests.m */; };
		7BCAB7FC1BDE2A6F00DD1A80 /* MainViewController.m in Sources */ = {isa = PBXBuildFile; fileRef = 7BCAB7FA1BDE2A6F00DD1A80 /* MainViewController.m */; settings = {ASSET_TAGS = (); }; };
		7BCAB7FD1BDE2A6F00DD1A80 /* MainViewController.xib in Resources */ = {isa = PBXBuildFile; fileRef = 7BCAB7FB1BDE2A6F00DD1A80 /* MainViewController.xib */; settings = {ASSET_TAGS = (); }; };
/* End PBXBuildFile section */

/* Begin PBXContainerItemProxy section */
		7BCAB7EB1BDE28CC00DD1A80 /* PBXContainerItemProxy */ = {
			isa = PBXContainerItemProxy;
			containerPortal = 7BCAB7C91BDE28CC00DD1A80 /* Project object */;
			proxyType = 1;
			remoteGlobalIDString = 7BCAB7D01BDE28CC00DD1A80;
			remoteInfo = ClipViewInserSubView;
		};
/* End PBXContainerItemProxy section */

/* Begin PBXFileReference section */
		7B9C88931BDF36BE00DEE7A8 /* SCScreenSnapshotSpliter.h */ = {isa = PBXFileReference; fileEncoding = 4; lastKnownFileType = sourcecode.c.h; path = SCScreenSnapshotSpliter.h; sourceTree = "<group>"; };
		7B9C88941BDF36BF00DEE7A8 /* SCScreenSnapshotSpliter.m */ = {isa = PBXFileReference; fileEncoding = 4; lastKnownFileType = sourcecode.c.objc; path = SCScreenSnapshotSpliter.m; sourceTree = "<group>"; };
		7BCAB7D11BDE28CC00DD1A80 /* ClipViewInserSubView.app */ = {isa = PBXFileReference; explicitFileType = wrapper.application; includeInIndex = 0; path = ClipViewInserSubView.app; sourceTree = BUILT_PRODUCTS_DIR; };
		7BCAB7D51BDE28CC00DD1A80 /* main.m */ = {isa = PBXFileReference; lastKnownFileType = sourcecode.c.objc; path = main.m; sourceTree = "<group>"; };
		7BCAB7D71BDE28CC00DD1A80 /* AppDelegate.h */ = {isa = PBXFileReference; lastKnownFileType = sourcecode.c.h; path = AppDelegate.h; sourceTree = "<group>"; };
		7BCAB7D81BDE28CC00DD1A80 /* AppDelegate.m */ = {isa = PBXFileReference; lastKnownFileType = sourcecode.c.objc; path = AppDelegate.m; sourceTree = "<group>"; };
		7BCAB7E01BDE28CC00DD1A80 /* Assets.xcassets */ = {isa = PBXFileReference; lastKnownFileType = folder.assetcatalog; path = Assets.xcassets; sourceTree = "<group>"; };
		7BCAB7E31BDE28CC00DD1A80 /* Base */ = {isa = PBXFileReference; lastKnownFileType = file.storyboard; name = Base; path = Base.lproj/LaunchScreen.storyboard; sourceTree = "<group>"; };
		7BCAB7E51BDE28CC00DD1A80 /* Info.plist */ = {isa = PBXFileReference; lastKnownFileType = text.plist.xml; path = Info.plist; sourceTree = "<group>"; };
		7BCAB7EA1BDE28CC00DD1A80 /* ClipViewInserSubViewUITests.xctest */ = {isa = PBXFileReference; explicitFileType = wrapper.cfbundle; includeInIndex = 0; path = ClipViewInserSubViewUITests.xctest; sourceTree = BUILT_PRODUCTS_DIR; };
		7BCAB7EE1BDE28CC00DD1A80 /* ClipViewInserSubViewUITests.m */ = {isa = PBXFileReference; lastKnownFileType = sourcecode.c.objc; path = ClipViewInserSubViewUITests.m; sourceTree = "<group>"; };
		7BCAB7F01BDE28CC00DD1A80 /* Info.plist */ = {isa = PBXFileReference; lastKnownFileType = text.plist.xml; path = Info.plist; sourceTree = "<group>"; };
		7BCAB7F91BDE2A6F00DD1A80 /* MainViewController.h */ = {isa = PBXFileReference; fileEncoding = 4; lastKnownFileType = sourcecode.c.h; path = MainViewController.h; sourceTree = "<group>"; };
		7BCAB7FA1BDE2A6F00DD1A80 /* MainViewController.m */ = {isa = PBXFileReference; fileEncoding = 4; lastKnownFileType = sourcecode.c.objc; path = MainViewController.m; sourceTree = "<group>"; };
		7BCAB7FB1BDE2A6F00DD1A80 /* MainViewController.xib */ = {isa = PBXFileReference; fileEncoding = 4; lastKnownFileType = file.xib; path = MainViewController.xib; sourceTree = "<group>"; };
/* End PBXFileReference section */

/* Begin PBXFrameworksBuildPhase section */
		7BCAB7CE1BDE28CC00DD1A80 /* Frameworks */ = {
			isa = PBXFrameworksBuildPhase;
			buildActionMask = 2147483647;
			files = (
			);
			runOnlyForDeploymentPostprocessing = 0;
		};
		7BCAB7E71BDE28CC00DD1A80 /* Frameworks */ = {
			isa = PBXFrameworksBuildPhase;
			buildActionMask = 2147483647;
			files = (
			);
			runOnlyForDeploymentPostprocessing = 0;
		};
/* End PBXFrameworksBuildPhase section */

/* Begin PBXGroup section */
		7BCAB7C81BDE28CC00DD1A80 = {
			isa = PBXGroup;
			children = (
				7BCAB7D31BDE28CC00DD1A80 /* ClipViewInserSubView */,
				7BCAB7ED1BDE28CC00DD1A80 /* ClipViewInserSubViewUITests */,
				7BCAB7D21BDE28CC00DD1A80 /* Products */,
			);
			sourceTree = "<group>";
		};
		7BCAB7D21BDE28CC00DD1A80 /* Products */ = {
			isa = PBXGroup;
			children = (
				7BCAB7D11BDE28CC00DD1A80 /* ClipViewInserSubView.app */,
				7BCAB7EA1BDE28CC00DD1A80 /* ClipViewInserSubViewUITests.xctest */,
			);
			name = Products;
			sourceTree = "<group>";
		};
		7BCAB7D31BDE28CC00DD1A80 /* ClipViewInserSubView */ = {
			isa = PBXGroup;
			children = (
				7BCAB7D71BDE28CC00DD1A80 /* AppDelegate.h */,
				7BCAB7D81BDE28CC00DD1A80 /* AppDelegate.m */,
				7BCAB7F91BDE2A6F00DD1A80 /* MainViewController.h */,
				7BCAB7FA1BDE2A6F00DD1A80 /* MainViewController.m */,
				7BCAB7FB1BDE2A6F00DD1A80 /* MainViewController.xib */,
				7B9C88931BDF36BE00DEE7A8 /* SCScreenSnapshotSpliter.h */,
				7B9C88941BDF36BF00DEE7A8 /* SCScreenSnapshotSpliter.m */,
				7BCAB7E01BDE28CC00DD1A80 /* Assets.xcassets */,
				7BCAB7E21BDE28CC00DD1A80 /* LaunchScreen.storyboard */,
				7BCAB7E51BDE28CC00DD1A80 /* Info.plist */,
				7BCAB7D41BDE28CC00DD1A80 /* Supporting Files */,
			);
			path = ClipViewInserSubView;
			sourceTree = "<group>";
		};
		7BCAB7D41BDE28CC00DD1A80 /* Supporting Files */ = {
			isa = PBXGroup;
			children = (
				7BCAB7D51BDE28CC00DD1A80 /* main.m */,
			);
			name = "Supporting Files";
			sourceTree = "<group>";
		};
		7BCAB7ED1BDE28CC00DD1A80 /* ClipViewInserSubViewUITests */ = {
			isa = PBXGroup;
			children = (
				7BCAB7EE1BDE28CC00DD1A80 /* ClipViewInserSubViewUITests.m */,
				7BCAB7F01BDE28CC00DD1A80 /* Info.plist */,
			);
			path = ClipViewInserSubViewUITests;
			sourceTree = "<group>";
		};
/* End PBXGroup section */

/* Begin PBXNativeTarget section */
		7BCAB7D01BDE28CC00DD1A80 /* ClipViewInserSubView */ = {
			isa = PBXNativeTarget;
			buildConfigurationList = 7BCAB7F31BDE28CC00DD1A80 /* Build configuration list for PBXNativeTarget "ClipViewInserSubView" */;
			buildPhases = (
				7BCAB7CD1BDE28CC00DD1A80 /* Sources */,
				7BCAB7CE1BDE28CC00DD1A80 /* Frameworks */,
				7BCAB7CF1BDE28CC00DD1A80 /* Resources */,
			);
			buildRules = (
			);
			dependencies = (
			);
			name = ClipViewInserSubView;
			productName = ClipViewInserSubView;
			productReference = 7BCAB7D11BDE28CC00DD1A80 /* ClipViewInserSubView.app */;
			productType = "com.apple.product-type.application";
		};
		7BCAB7E91BDE28CC00DD1A80 /* ClipViewInserSubViewUITests */ = {
			isa = PBXNativeTarget;
			buildConfigurationList = 7BCAB7F61BDE28CC00DD1A80 /* Build configuration list for PBXNativeTarget "ClipViewInserSubViewUITests" */;
			buildPhases = (
				7BCAB7E61BDE28CC00DD1A80 /* Sources */,
				7BCAB7E71BDE28CC00DD1A80 /* Frameworks */,
				7BCAB7E81BDE28CC00DD1A80 /* Resources */,
			);
			buildRules = (
			);
			dependencies = (
				7BCAB7EC1BDE28CC00DD1A80 /* PBXTargetDependency */,
			);
			name = ClipViewInserSubViewUITests;
			productName = ClipViewInserSubViewUITests;
			productReference = 7BCAB7EA1BDE28CC00DD1A80 /* ClipViewInserSubViewUITests.xctest */;
			productType = "com.apple.product-type.bundle.ui-testing";
		};
/* End PBXNativeTarget section */

/* Begin PBXProject section */
		7BCAB7C91BDE28CC00DD1A80 /* Project object */ = {
			isa = PBXProject;
			attributes = {
				LastUpgradeCheck = 0700;
				ORGANIZATIONNAME = justzt;
				TargetAttributes = {
					7BCAB7D01BDE28CC00DD1A80 = {
						CreatedOnToolsVersion = 7.0.1;
					};
					7BCAB7E91BDE28CC00DD1A80 = {
						CreatedOnToolsVersion = 7.0.1;
						TestTargetID = 7BCAB7D01BDE28CC00DD1A80;
					};
				};
			};
			buildConfigurationList = 7BCAB7CC1BDE28CC00DD1A80 /* Build configuration list for PBXProject "ClipViewInserSubView" */;
			compatibilityVersion = "Xcode 3.2";
			developmentRegion = English;
			hasScannedForEncodings = 0;
			knownRegions = (
				en,
				Base,
			);
			mainGroup = 7BCAB7C81BDE28CC00DD1A80;
			productRefGroup = 7BCAB7D21BDE28CC00DD1A80 /* Products */;
			projectDirPath = "";
			projectRoot = "";
			targets = (
				7BCAB7D01BDE28CC00DD1A80 /* ClipViewInserSubView */,
				7BCAB7E91BDE28CC00DD1A80 /* ClipViewInserSubViewUITests */,
			);
		};
/* End PBXProject section */

/* Begin PBXResourcesBuildPhase section */
		7BCAB7CF1BDE28CC00DD1A80 /* Resources */ = {
			isa = PBXResourcesBuildPhase;
			buildActionMask = 2147483647;
			files = (
				7BCAB7E41BDE28CC00DD1A80 /* LaunchScreen.storyboard in Resources */,
				7BCAB7FD1BDE2A6F00DD1A80 /* MainViewController.xib in Resources */,
				7BCAB7E11BDE28CC00DD1A80 /* Assets.xcassets in Resources */,
			);
			runOnlyForDeploymentPostprocessing = 0;
		};
		7BCAB7E81BDE28CC00DD1A80 /* Resources */ = {
			isa = PBXResourcesBuildPhase;
			buildActionMask = 2147483647;
			files = (
			);
			runOnlyForDeploymentPostprocessing = 0;
		};
/* End PBXResourcesBuildPhase section */

/* Begin PBXSourcesBuildPhase section */
		7BCAB7CD1BDE28CC00DD1A80 /* Sources */ = {
			isa = PBXSourcesBuildPhase;
			buildActionMask = 2147483647;
			files = (
				7B9C88951BDF36BF00DEE7A8 /* SCScreenSnapshotSpliter.m in Sources */,
				7BCAB7D91BDE28CC00DD1A80 /* AppDelegate.m in Sources */,
				7BCAB7FC1BDE2A6F00DD1A80 /* MainViewController.m in Sources */,
				7BCAB7D61BDE28CC00DD1A80 /* main.m in Sources */,
			);
			runOnlyForDeploymentPostprocessing = 0;
		};
		7BCAB7E61BDE28CC00DD1A80 /* Sources */ = {
			isa = PBXSourcesBuildPhase;
			buildActionMask = 2147483647;
			files = (
				7BCAB7EF1BDE28CC00DD1A80 /* ClipViewInserSubViewUITests.m in Sources */,
			);
			runOnlyForDeploymentPostprocessing = 0;
		};
/* End PBXSourcesBuildPhase section */

/* Begin PBXTargetDependency section */
		7BCAB7EC1BDE28CC00DD1A80 /* PBXTargetDependency */ = {
			isa = PBXTargetDependency;
			target = 7BCAB7D01BDE28CC00DD1A80 /* ClipViewInserSubView */;
			targetProxy = 7BCAB7EB1BDE28CC00DD1A80 /* PBXContainerItemProxy */;
		};
/* End PBXTargetDependency section */

/* Begin PBXVariantGroup section */
		7BCAB7E21BDE28CC00DD1A80 /* LaunchScreen.storyboard */ = {
			isa = PBXVariantGroup;
			children = (
				7BCAB7E31BDE28CC00DD1A80 /* Base */,
			);
			name = LaunchScreen.storyboard;
			sourceTree = "<group>";
		};
/* End PBXVariantGroup section */

/* Begin XCBuildConfiguration section */
		7BCAB7F11BDE28CC00DD1A80 /* Debug */ = {
			isa = XCBuildConfiguration;
			buildSettings = {
				ALWAYS_SEARCH_USER_PATHS = NO;
				CLANG_CXX_LANGUAGE_STANDARD = "gnu++0x";
				CLANG_CXX_LIBRARY = "libc++";
				CLANG_ENABLE_MODULES = YES;
				CLANG_ENABLE_OBJC_ARC = YES;
				CLANG_WARN_BOOL_CONVERSION = YES;
				CLANG_WARN_CONSTANT_CONVERSION = YES;
				CLANG_WARN_DIRECT_OBJC_ISA_USAGE = YES_ERROR;
				CLANG_WARN_EMPTY_BODY = YES;
				CLANG_WARN_ENUM_CONVERSION = YES;
				CLANG_WARN_INT_CONVERSION = YES;
				CLANG_WARN_OBJC_ROOT_CLASS = YES_ERROR;
				CLANG_WARN_UNREACHABLE_CODE = YES;
				CLANG_WARN__DUPLICATE_METHOD_MATCH = YES;
				"CODE_SIGN_IDENTITY[sdk=iphoneos*]" = "iPhone Developer";
				COPY_PHASE_STRIP = NO;
				DEBUG_INFORMATION_FORMAT = dwarf;
				ENABLE_STRICT_OBJC_MSGSEND = YES;
				ENABLE_TESTABILITY = YES;
				GCC_C_LANGUAGE_STANDARD = gnu99;
				GCC_DYNAMIC_NO_PIC = NO;
				GCC_NO_COMMON_BLOCKS = YES;
				GCC_OPTIMIZATION_LEVEL = 0;
				GCC_PREPROCESSOR_DEFINITIONS = (
					"DEBUG=1",
					"$(inherited)",
				);
				GCC_WARN_64_TO_32_BIT_CONVERSION = YES;
				GCC_WARN_ABOUT_RETURN_TYPE = YES_ERROR;
				GCC_WARN_UNDECLARED_SELECTOR = YES;
				GCC_WARN_UNINITIALIZED_AUTOS = YES_AGGRESSIVE;
				GCC_WARN_UNUSED_FUNCTION = YES;
				GCC_WARN_UNUSED_VARIABLE = YES;
				IPHONEOS_DEPLOYMENT_TARGET = 9.0;
				MTL_ENABLE_DEBUG_INFO = YES;
				ONLY_ACTIVE_ARCH = YES;
				SDKROOT = iphoneos;
			};
			name = Debug;
		};
		7BCAB7F21BDE28CC00DD1A80 /* Release */ = {
			isa = XCBuildConfiguration;
			buildSettings = {
				ALWAYS_SEARCH_USER_PATHS = NO;
				CLANG_CXX_LANGUAGE_STANDARD = "gnu++0x";
				CLANG_CXX_LIBRARY = "libc++";
				CLANG_ENABLE_MODULES = YES;
				CLANG_ENABLE_OBJC_ARC = YES;
				CLANG_WARN_BOOL_CONVERSION = YES;
				CLANG_WARN_CONSTANT_CONVERSION = YES;
				CLANG_WARN_DIRECT_OBJC_ISA_USAGE = YES_ERROR;
				CLANG_WARN_EMPTY_BODY = YES;
				CLANG_WARN_ENUM_CONVERSION = YES;
				CLANG_WARN_INT_CONVERSION = YES;
				CLANG_WARN_OBJC_ROOT_CLASS = YES_ERROR;
				CLANG_WARN_UNREACHABLE_CODE = YES;
				CLANG_WARN__DUPLICATE_METHOD_MATCH = YES;
				"CODE_SIGN_IDENTITY[sdk=iphoneos*]" = "iPhone Developer";
				COPY_PHASE_STRIP = NO;
				DEBUG_INFORMATION_FORMAT = "dwarf-with-dsym";
				ENABLE_NS_ASSERTIONS = NO;
				ENABLE_STRICT_OBJC_MSGSEND = YES;
				GCC_C_LANGUAGE_STANDARD = gnu99;
				GCC_NO_COMMON_BLOCKS = YES;
				GCC_WARN_64_TO_32_BIT_CONVERSION = YES;
				GCC_WARN_ABOUT_RETURN_TYPE = YES_ERROR;
				GCC_WARN_UNDECLARED_SELECTOR = YES;
				GCC_WARN_UNINITIALIZED_AUTOS = YES_AGGRESSIVE;
				GCC_WARN_UNUSED_FUNCTION = YES;
				GCC_WARN_UNUSED_VARIABLE = YES;
				IPHONEOS_DEPLOYMENT_TARGET = 9.0;
				MTL_ENABLE_DEBUG_INFO = NO;
				SDKROOT = iphoneos;
				VALIDATE_PRODUCT = YES;
			};
			name = Release;
		};
		7BCAB7F41BDE28CC00DD1A80 /* Debug */ = {
			isa = XCBuildConfiguration;
			buildSettings = {
				ASSETCATALOG_COMPILER_APPICON_NAME = AppIcon;
				INFOPLIST_FILE = ClipViewInserSubView/Info.plist;
				LD_RUNPATH_SEARCH_PATHS = "$(inherited) @executable_path/Frameworks";
				PRODUCT_BUNDLE_IDENTIFIER = com.souche.ipadDetect.ClipViewInserSubView;
				PRODUCT_NAME = "$(TARGET_NAME)";
			};
			name = Debug;
		};
		7BCAB7F51BDE28CC00DD1A80 /* Release */ = {
			isa = XCBuildConfiguration;
			buildSettings = {
				ASSETCATALOG_COMPILER_APPICON_NAME = AppIcon;
				INFOPLIST_FILE = ClipViewInserSubView/Info.plist;
				LD_RUNPATH_SEARCH_PATHS = "$(inherited) @executable_path/Frameworks";
				PRODUCT_BUNDLE_IDENTIFIER = com.souche.ipadDetect.ClipViewInserSubView;
				PRODUCT_NAME = "$(TARGET_NAME)";
			};
			name = Release;
		};
		7BCAB7F71BDE28CC00DD1A80 /* Debug */ = {
			isa = XCBuildConfiguration;
			buildSettings = {
				INFOPLIST_FILE = ClipViewInserSubViewUITests/Info.plist;
				LD_RUNPATH_SEARCH_PATHS = "$(inherited) @executable_path/Frameworks @loader_path/Frameworks";
				PRODUCT_BUNDLE_IDENTIFIER = com.souche.ipadDetect.ClipViewInserSubViewUITests;
				PRODUCT_NAME = "$(TARGET_NAME)";
				TEST_TARGET_NAME = ClipViewInserSubView;
				USES_XCTRUNNER = YES;
			};
			name = Debug;
		};
		7BCAB7F81BDE28CC00DD1A80 /* Release */ = {
			isa = XCBuildConfiguration;
			buildSettings = {
				INFOPLIST_FILE = ClipViewInserSubViewUITests/Info.plist;
				LD_RUNPATH_SEARCH_PATHS = "$(inherited) @executable_path/Frameworks @loader_path/Frameworks";
				PRODUCT_BUNDLE_IDENTIFIER = com.souche.ipadDetect.ClipViewInserSubViewUITests;
				PRODUCT_NAME = "$(TARGET_NAME)";
				TEST_TARGET_NAME = ClipViewInserSubView;
				USES_XCTRUNNER = YES;
			};
			name = Release;
		};
/* End XCBuildConfiguration section */

/* Begin XCConfigurationList section */
		7BCAB7CC1BDE28CC00DD1A80 /* Build configuration list for PBXProject "ClipViewInserSubView" */ = {
			isa = XCConfigurationList;
			buildConfigurations = (
				7BCAB7F11BDE28CC00DD1A80 /* Debug */,
				7BCAB7F21BDE28CC00DD1A80 /* Release */,
			);
			defaultConfigurationIsVisible = 0;
			defaultConfigurationName = Release;
		};
		7BCAB7F31BDE28CC00DD1A80 /* Build configuration list for PBXNativeTarget "ClipViewInserSubView" */ = {
			isa = XCConfigurationList;
			buildConfigurations = (
				7BCAB7F41BDE28CC00DD1A80 /* Debug */,
				7BCAB7F51BDE28CC00DD1A80 /* Release */,
			);
			defaultConfigurationIsVisible = 0;
			defaultConfigurationName = Release;
		};
		7BCAB7F61BDE28CC00DD1A80 /* Build configuration list for PBXNativeTarget "ClipViewInserSubViewUITests" */ = {
			isa = XCConfigurationList;
			buildConfigurations = (
				7BCAB7F71BDE28CC00DD1A80 /* Debug */,
				7BCAB7F81BDE28CC00DD1A80 /* Release */,
			);
			defaultConfigurationIsVisible = 0;
			defaultConfigurationName = Release;
		};
/* End XCConfigurationList section */
	};
	rootObject = 7BCAB7C91BDE28CC00DD1A80 /* Project object */;
}
